
Microsoft Visual Studio Solution File, Format Version 12.00
# Visual Studio 2015
Project("{FAE04EC0-301F-11D3-BF4B-00C04F79EFBC}") = "MultiplayerFPS.CSharp.Plugins", "MultiplayerFPS.CSharp.Plugins.csproj", "{EB23DD4A-E224-B52D-C209-32513D345112}"
EndProject
Project("{FAE04EC0-301F-11D3-BF4B-00C04F79EFBC}") = "MultiplayerFPS.CSharp", "MultiplayerFPS.CSharp.csproj", "{A28E533E-452F-6CD0-65C7-3D0FC06A65DE}"
EndProject
Project("{FAE04EC0-301F-11D3-BF4B-00C04F79EFBC}") = "MultiplayerFPS.CSharp.Editor.Plugins", "MultiplayerFPS.CSharp.Editor.Plugins.csproj", "{D3C8F1A8-5FEF-625E-9092-F5694E7085BE}"
EndProject
Global
	GlobalSection(SolutionConfigurationPlatforms) = preSolution
		Debug|Any CPU = Debug|Any CPU
		Release|Any CPU = Release|Any CPU
	EndGlobalSection
	GlobalSection(ProjectConfigurationPlatforms) = postSolution
		{EB23DD4A-E224-B52D-C209-32513D345112}.Debug|Any CPU.ActiveCfg = Debug|Any CPU
		{EB23DD4A-E224-B52D-C209-32513D345112}.Debug|Any CPU.Build.0 = Debug|Any CPU
		{EB23DD4A-E224-B52D-C209-32513D345112}.Release|Any CPU.ActiveCfg = Release|Any CPU
		{EB23DD4A-E224-B52D-C209-32513D345112}.Release|Any CPU.Build.0 = Release|Any CPU
		{A28E533E-452F-6CD0-65C7-3D0FC06A65DE}.Debug|Any CPU.ActiveCfg = Debug|Any CPU
		{A28E533E-452F-6CD0-65C7-3D0FC06A65DE}.Debug|Any CPU.Build.0 = Debug|Any CPU
		{A28E533E-452F-6CD0-65C7-3D0FC06A65DE}.Release|Any CPU.ActiveCfg = Release|Any CPU
		{A28E533E-452F-6CD0-65C7-3D0FC06A65DE}.Release|Any CPU.Build.0 = Release|Any CPU
		{D3C8F1A8-5FEF-625E-9092-F5694E7085BE}.Debug|Any CPU.ActiveCfg = Debug|Any CPU
		{D3C8F1A8-5FEF-625E-9092-F5694E7085BE}.Debug|Any CPU.Build.0 = Debug|Any CPU
		{D3C8F1A8-5FEF-625E-9092-F5694E7085BE}.Release|Any CPU.ActiveCfg = Release|Any CPU
		{D3C8F1A8-5FEF-625E-9092-F5694E7085BE}.Release|Any CPU.Build.0 = Release|Any CPU
	EndGlobalSection
	GlobalSection(SolutionProperties) = preSolution
		HideSolutionNode = FALSE
	EndGlobalSection
EndGlobal
